
Microsoft Visual Studio Solution File, Format Version 12.00
# Visual Studio Version 16
VisualStudioVersion = 16.0.31515.178
MinimumVisualStudioVersion = 10.0.40219.1
Project("{FAE04EC0-301F-11D3-BF4B-00C04F79EFBC}") = "CSharpAssignment1", "CSharpAssignment1.csproj", "{3423FEF0-3D34-48EC-BBE8-8EC990AF1DBF}"
EndProject
Global
	GlobalSection(SolutionConfigurationPlatforms) = preSolution
		Debug|Any CPU = Debug|Any CPU
		Release|Any CPU = Release|Any CPU
	EndGlobalSection
	GlobalSection(ProjectConfigurationPlatforms) = postSolution
		{3423FEF0-3D34-48EC-BBE8-8EC990AF1DBF}.Debug|Any CPU.ActiveCfg = Debug|Any CPU
		{3423FEF0-3D34-48EC-BBE8-8EC990AF1DBF}.Debug|Any CPU.Build.0 = Debug|Any CPU
		{3423FEF0-3D34-48EC-BBE8-8EC990AF1DBF}.Release|Any CPU.ActiveCfg = Release|Any CPU
		{3423FEF0-3D34-48EC-BBE8-8EC990AF1DBF}.Release|Any CPU.Build.0 = Release|Any CPU
	EndGlobalSection
	GlobalSection(SolutionProperties) = preSolution
		HideSolutionNode = FALSE
	EndGlobalSection
	GlobalSection(ExtensibilityGlobals) = postSolution
		SolutionGuid = {907FA137-B744-468D-A9BB-BB094FBC77C3}
	EndGlobalSection
EndGlobal
